// !$*UTF8*$!
{
	archiveVersion = 1;
	classes = {
	};
	objectVersion = 46;
	objects = {

/* Begin PBXBuildFile section */
		9608B8FB1BAE77AD00F127EB /* BroadcastViewController.swift in Sources */ = {isa = PBXBuildFile; fileRef = 9608B8FA1BAE77AD00F127EB /* BroadcastViewController.swift */; };
		965189B21DFEA8BA00D76DAB /* BeaconMonitor.framework in Frameworks */ = {isa = PBXBuildFile; fileRef = 965189B11DFEA8BA00D76DAB /* BeaconMonitor.framework */; };
		965189B31DFEA8BA00D76DAB /* BeaconMonitor.framework in Embed Frameworks */ = {isa = PBXBuildFile; fileRef = 965189B11DFEA8BA00D76DAB /* BeaconMonitor.framework */; settings = {ATTRIBUTES = (CodeSignOnCopy, RemoveHeadersOnCopy, ); }; };
		969428F51BA9E61A00C46091 /* AppDelegate.swift in Sources */ = {isa = PBXBuildFile; fileRef = 969428F41BA9E61A00C46091 /* AppDelegate.swift */; };
		969428F71BA9E61A00C46091 /* ListenViewController.swift in Sources */ = {isa = PBXBuildFile; fileRef = 969428F61BA9E61A00C46091 /* ListenViewController.swift */; };
		969428FA1BA9E61A00C46091 /* Main.storyboard in Resources */ = {isa = PBXBuildFile; fileRef = 969428F81BA9E61A00C46091 /* Main.storyboard */; };
		969428FC1BA9E61A00C46091 /* Assets.xcassets in Resources */ = {isa = PBXBuildFile; fileRef = 969428FB1BA9E61A00C46091 /* Assets.xcassets */; };
		969428FF1BA9E61A00C46091 /* LaunchScreen.storyboard in Resources */ = {isa = PBXBuildFile; fileRef = 969428FD1BA9E61A00C46091 /* LaunchScreen.storyboard */; };
/* End PBXBuildFile section */

/* Begin PBXCopyFilesBuildPhase section */
		9694290A1BA9E81C00C46091 /* Embed Frameworks */ = {
			isa = PBXCopyFilesBuildPhase;
			buildActionMask = 2147483647;
			dstPath = "";
			dstSubfolderSpec = 10;
			files = (
				965189B31DFEA8BA00D76DAB /* BeaconMonitor.framework in Embed Frameworks */,
			);
			name = "Embed Frameworks";
			runOnlyForDeploymentPostprocessing = 0;
		};
/* End PBXCopyFilesBuildPhase section */

/* Begin PBXFileReference section */
		9608B8FA1BAE77AD00F127EB /* BroadcastViewController.swift */ = {isa = PBXFileReference; fileEncoding = 4; lastKnownFileType = sourcecode.swift; path = BroadcastViewController.swift; sourceTree = "<group>"; };
		965189B11DFEA8BA00D76DAB /* BeaconMonitor.framework */ = {isa = PBXFileReference; explicitFileType = wrapper.framework; path = BeaconMonitor.framework; sourceTree = BUILT_PRODUCTS_DIR; };
		969428F11BA9E61A00C46091 /* BeaconMonitorApp.app */ = {isa = PBXFileReference; explicitFileType = wrapper.application; includeInIndex = 0; path = BeaconMonitorApp.app; sourceTree = BUILT_PRODUCTS_DIR; };
		969428F41BA9E61A00C46091 /* AppDelegate.swift */ = {isa = PBXFileReference; lastKnownFileType = sourcecode.swift; path = AppDelegate.swift; sourceTree = "<group>"; };
		969428F61BA9E61A00C46091 /* ListenViewController.swift */ = {isa = PBXFileReference; lastKnownFileType = sourcecode.swift; path = ListenViewController.swift; sourceTree = "<group>"; };
		969428F91BA9E61A00C46091 /* Base */ = {isa = PBXFileReference; lastKnownFileType = file.storyboard; name = Base; path = Base.lproj/Main.storyboard; sourceTree = "<group>"; };
		969428FB1BA9E61A00C46091 /* Assets.xcassets */ = {isa = PBXFileReference; lastKnownFileType = folder.assetcatalog; path = Assets.xcassets; sourceTree = "<group>"; };
		969428FE1BA9E61A00C46091 /* Base */ = {isa = PBXFileReference; lastKnownFileType = file.storyboard; name = Base; path = Base.lproj/LaunchScreen.storyboard; sourceTree = "<group>"; };
		969429001BA9E61A00C46091 /* Info.plist */ = {isa = PBXFileReference; lastKnownFileType = text.plist.xml; path = Info.plist; sourceTree = "<group>"; };
/* End PBXFileReference section */

/* Begin PBXFrameworksBuildPhase section */
		969428EE1BA9E61A00C46091 /* Frameworks */ = {
			isa = PBXFrameworksBuildPhase;
			buildActionMask = 2147483647;
			files = (
				965189B21DFEA8BA00D76DAB /* BeaconMonitor.framework in Frameworks */,
			);
			runOnlyForDeploymentPostprocessing = 0;
		};
/* End PBXFrameworksBuildPhase section */

/* Begin PBXGroup section */
		969428E81BA9E61A00C46091 = {
			isa = PBXGroup;
			children = (
				965189B11DFEA8BA00D76DAB /* BeaconMonitor.framework */,
				969428F31BA9E61A00C46091 /* BeaconMonitorApp */,
				969428F21BA9E61A00C46091 /* Products */,
			);
			sourceTree = "<group>";
		};
		969428F21BA9E61A00C46091 /* Products */ = {
			isa = PBXGroup;
			children = (
				969428F11BA9E61A00C46091 /* BeaconMonitorApp.app */,
			);
			name = Products;
			sourceTree = "<group>";
		};
		969428F31BA9E61A00C46091 /* BeaconMonitorApp */ = {
			isa = PBXGroup;
			children = (
				969428F41BA9E61A00C46091 /* AppDelegate.swift */,
				969428F61BA9E61A00C46091 /* ListenViewController.swift */,
				9608B8FA1BAE77AD00F127EB /* BroadcastViewController.swift */,
				969428F81BA9E61A00C46091 /* Main.storyboard */,
				969428FB1BA9E61A00C46091 /* Assets.xcassets */,
				969428FD1BA9E61A00C46091 /* LaunchScreen.storyboard */,
				969429001BA9E61A00C46091 /* Info.plist */,
			);
			path = BeaconMonitorApp;
			sourceTree = "<group>";
		};
/* End PBXGroup section */

/* Begin PBXNativeTarget section */
		969428F01BA9E61A00C46091 /* BeaconMonitorApp */ = {
			isa = PBXNativeTarget;
			buildConfigurationList = 969429031BA9E61A00C46091 /* Build configuration list for PBXNativeTarget "BeaconMonitorApp" */;
			buildPhases = (
				969428ED1BA9E61A00C46091 /* Sources */,
				969428EE1BA9E61A00C46091 /* Frameworks */,
				969428EF1BA9E61A00C46091 /* Resources */,
				9694290A1BA9E81C00C46091 /* Embed Frameworks */,
			);
			buildRules = (
			);
			dependencies = (
			);
			name = BeaconMonitorApp;
			productName = BeaconMonitorApp;
			productReference = 969428F11BA9E61A00C46091 /* BeaconMonitorApp.app */;
			productType = "com.apple.product-type.application";
		};
/* End PBXNativeTarget section */

/* Begin PBXProject section */
		969428E91BA9E61A00C46091 /* Project object */ = {
			isa = PBXProject;
			attributes = {
				LastUpgradeCheck = 1160;
				ORGANIZATIONNAME = seb;
				TargetAttributes = {
					969428F01BA9E61A00C46091 = {
						CreatedOnToolsVersion = 7.0;
						DevelopmentTeam = LHEB98WL67;
						LastSwiftMigration = 1160;
						SystemCapabilities = {
							com.apple.BackgroundModes = {
								enabled = 1;
							};
						};
					};
				};
			};
			buildConfigurationList = 969428EC1BA9E61A00C46091 /* Build configuration list for PBXProject "BeaconMonitorApp" */;
			compatibilityVersion = "Xcode 3.2";
			developmentRegion = en;
			hasScannedForEncodings = 0;
			knownRegions = (
				en,
				Base,
			);
			mainGroup = 969428E81BA9E61A00C46091;
			productRefGroup = 969428F21BA9E61A00C46091 /* Products */;
			projectDirPath = "";
			projectRoot = "";
			targets = (
				969428F01BA9E61A00C46091 /* BeaconMonitorApp */,
			);
		};
/* End PBXProject section */

/* Begin PBXResourcesBuildPhase section */
		969428EF1BA9E61A00C46091 /* Resources */ = {
			isa = PBXResourcesBuildPhase;
			buildActionMask = 2147483647;
			files = (
				969428FF1BA9E61A00C46091 /* LaunchScreen.storyboard in Resources */,
				969428FC1BA9E61A00C46091 /* Assets.xcassets in Resources */,
				969428FA1BA9E61A00C46091 /* Main.storyboard in Resources */,
			);
			runOnlyForDeploymentPostprocessing = 0;
		};
/* End PBXResourcesBuildPhase section */

/* Begin PBXSourcesBuildPhase section */
		969428ED1BA9E61A00C46091 /* Sources */ = {
			isa = PBXSourcesBuildPhase;
			buildActionMask = 2147483647;
			files = (
				969428F71BA9E61A00C46091 /* ListenViewController.swift in Sources */,
				9608B8FB1BAE77AD00F127EB /* BroadcastViewController.swift in Sources */,
				969428F51BA9E61A00C46091 /* AppDelegate.swift in Sources */,
			);
			runOnlyForDeploymentPostprocessing = 0;
		};
/* End PBXSourcesBuildPhase section */

/* Begin PBXVariantGroup section */
		969428F81BA9E61A00C46091 /* Main.storyboard */ = {
			isa = PBXVariantGroup;
			children = (
				969428F91BA9E61A00C46091 /* Base */,
			);
			name = Main.storyboard;
			sourceTree = "<group>";
		};
		969428FD1BA9E61A00C46091 /* LaunchScreen.storyboard */ = {
			isa = PBXVariantGroup;
			children = (
				969428FE1BA9E61A00C46091 /* Base */,
			);
			name = LaunchScreen.storyboard;
			sourceTree = "<group>";
		};
/* End PBXVariantGroup section */

/* Begin XCBuildConfiguration section */
		969429011BA9E61A00C46091 /* Debug */ = {
			isa = XCBuildConfiguration;
			buildSettings = {
				ALWAYS_SEARCH_USER_PATHS = NO;
				CLANG_ANALYZER_LOCALIZABILITY_NONLOCALIZED = YES;
				CLANG_CXX_LANGUAGE_STANDARD = "gnu++0x";
				CLANG_CXX_LIBRARY = "libc++";
				CLANG_ENABLE_MODULES = YES;
				CLANG_ENABLE_OBJC_ARC = YES;
				CLANG_WARN_BLOCK_CAPTURE_AUTORELEASING = YES;
				CLANG_WARN_BOOL_CONVERSION = YES;
				CLANG_WARN_COMMA = YES;
				CLANG_WARN_CONSTANT_CONVERSION = YES;
				CLANG_WARN_DEPRECATED_OBJC_IMPLEMENTATIONS = YES;
				CLANG_WARN_DIRECT_OBJC_ISA_USAGE = YES_ERROR;
				CLANG_WARN_EMPTY_BODY = YES;
				CLANG_WARN_ENUM_CONVERSION = YES;
				CLANG_WARN_INFINITE_RECURSION = YES;
				CLANG_WARN_INT_CONVERSION = YES;
				CLANG_WARN_NON_LITERAL_NULL_CONVERSION = YES;
				CLANG_WARN_OBJC_IMPLICIT_RETAIN_SELF = YES;
				CLANG_WARN_OBJC_LITERAL_CONVERSION = YES;
				CLANG_WARN_OBJC_ROOT_CLASS = YES_ERROR;
				CLANG_WARN_RANGE_LOOP_ANALYSIS = YES;
				CLANG_WARN_STRICT_PROTOTYPES = YES;
				CLANG_WARN_SUSPICIOUS_MOVE = YES;
				CLANG_WARN_UNREACHABLE_CODE = YES;
				CLANG_WARN__DUPLICATE_METHOD_MATCH = YES;
				"CODE_SIGN_IDENTITY[sdk=iphoneos*]" = "iPhone Developer";
				COPY_PHASE_STRIP = NO;
				DEBUG_INFORMATION_FORMAT = dwarf;
				ENABLE_STRICT_OBJC_MSGSEND = YES;
				ENABLE_TESTABILITY = YES;
				GCC_C_LANGUAGE_STANDARD = gnu99;
				GCC_DYNAMIC_NO_PIC = NO;
				GCC_NO_COMMON_BLOCKS = YES;
				GCC_OPTIMIZATION_LEVEL = 0;
				GCC_PREPROCESSOR_DEFINITIONS = (
					"DEBUG=1",
					"$(inherited)",
				);
				GCC_WARN_64_TO_32_BIT_CONVERSION = YES;
				GCC_WARN_ABOUT_RETURN_TYPE = YES_ERROR;
				GCC_WARN_UNDECLARED_SELECTOR = YES;
				GCC_WARN_UNINITIALIZED_AUTOS = YES_AGGRESSIVE;
				GCC_WARN_UNUSED_FUNCTION = YES;
				GCC_WARN_UNUSED_VARIABLE = YES;
				IPHONEOS_DEPLOYMENT_TARGET = 9.2;
				MTL_ENABLE_DEBUG_INFO = YES;
				ONLY_ACTIVE_ARCH = YES;
				SDKROOT = iphoneos;
				SWIFT_OPTIMIZATION_LEVEL = "-Onone";
				SWIFT_VERSION = 5.0;
				TARGETED_DEVICE_FAMILY = "1,2";
			};
			name = Debug;
		};
		969429021BA9E61A00C46091 /* Release */ = {
			isa = XCBuildConfiguration;
			buildSettings = {
				ALWAYS_SEARCH_USER_PATHS = NO;
				CLANG_ANALYZER_LOCALIZABILITY_NONLOCALIZED = YES;
				CLANG_CXX_LANGUAGE_STANDARD = "gnu++0x";
				CLANG_CXX_LIBRARY = "libc++";
				CLANG_ENABLE_MODULES = YES;
				CLANG_ENABLE_OBJC_ARC = YES;
				CLANG_WARN_BLOCK_CAPTURE_AUTORELEASING = YES;
				CLANG_WARN_BOOL_CONVERSION = YES;
				CLANG_WARN_COMMA = YES;
				CLANG_WARN_CONSTANT_CONVERSION = YES;
				CLANG_WARN_DEPRECATED_OBJC_IMPLEMENTATIONS = YES;
				CLANG_WARN_DIRECT_OBJC_ISA_USAGE = YES_ERROR;
				CLANG_WARN_EMPTY_BODY = YES;
				CLANG_WARN_ENUM_CONVERSION = YES;
				CLANG_WARN_INFINITE_RECURSION = YES;
				CLANG_WARN_INT_CONVERSION = YES;
				CLANG_WARN_NON_LITERAL_NULL_CONVERSION = YES;
				CLANG_WARN_OBJC_IMPLICIT_RETAIN_SELF = YES;
				CLANG_WARN_OBJC_LITERAL_CONVERSION = YES;
				CLANG_WARN_OBJC_ROOT_CLASS = YES_ERROR;
				CLANG_WARN_RANGE_LOOP_ANALYSIS = YES;
				CLANG_WARN_STRICT_PROTOTYPES = YES;
				CLANG_WARN_SUSPICIOUS_MOVE = YES;
				CLANG_WARN_UNREACHABLE_CODE = YES;
				CLANG_WARN__DUPLICATE_METHOD_MATCH = YES;
				"CODE_SIGN_IDENTITY[sdk=iphoneos*]" = "iPhone Developer";
				COPY_PHASE_STRIP = NO;
				DEBUG_INFORMATION_FORMAT = "dwarf-with-dsym";
				ENABLE_NS_ASSERTIONS = NO;
				ENABLE_STRICT_OBJC_MSGSEND = YES;
				GCC_C_LANGUAGE_STANDARD = gnu99;
				GCC_NO_COMMON_BLOCKS = YES;
				GCC_WARN_64_TO_32_BIT_CONVERSION = YES;
				GCC_WARN_ABOUT_RETURN_TYPE = YES_ERROR;
				GCC_WARN_UNDECLARED_SELECTOR = YES;
				GCC_WARN_UNINITIALIZED_AUTOS = YES_AGGRESSIVE;
				GCC_WARN_UNUSED_FUNCTION = YES;
				GCC_WARN_UNUSED_VARIABLE = YES;
				IPHONEOS_DEPLOYMENT_TARGET = 9.2;
				MTL_ENABLE_DEBUG_INFO = NO;
				SDKROOT = iphoneos;
				SWIFT_OPTIMIZATION_LEVEL = "-Owholemodule";
				SWIFT_VERSION = 5.0;
				TARGETED_DEVICE_FAMILY = "1,2";
				VALIDATE_PRODUCT = YES;
			};
			name = Release;
		};
		969429041BA9E61A00C46091 /* Debug */ = {
			isa = XCBuildConfiguration;
			buildSettings = {
				ASSETCATALOG_COMPILER_APPICON_NAME = AppIcon;
				DEVELOPMENT_TEAM = LHEB98WL67;
				INFOPLIST_FILE = BeaconMonitorApp/Info.plist;
				LD_RUNPATH_SEARCH_PATHS = "$(inherited) @executable_path/Frameworks";
				PRODUCT_BUNDLE_IDENTIFIER = seb.dev.BeaconMonitorApp;
				PRODUCT_NAME = "$(TARGET_NAME)";
				SWIFT_SWIFT3_OBJC_INFERENCE = Default;
				SWIFT_VERSION = 5.0;
			};
			name = Debug;
		};
		969429051BA9E61A00C46091 /* Release */ = {
			isa = XCBuildConfiguration;
			buildSettings = {
				ASSETCATALOG_COMPILER_APPICON_NAME = AppIcon;
				DEVELOPMENT_TEAM = LHEB98WL67;
				INFOPLIST_FILE = BeaconMonitorApp/Info.plist;
				LD_RUNPATH_SEARCH_PATHS = "$(inherited) @executable_path/Frameworks";
				PRODUCT_BUNDLE_IDENTIFIER = seb.dev.BeaconMonitorApp;
				PRODUCT_NAME = "$(TARGET_NAME)";
				SWIFT_SWIFT3_OBJC_INFERENCE = Default;
				SWIFT_VERSION = 5.0;
			};
			name = Release;
		};
/* End XCBuildConfiguration section */

/* Begin XCConfigurationList section */
		969428EC1BA9E61A00C46091 /* Build configuration list for PBXProject "BeaconMonitorApp" */ = {
			isa = XCConfigurationList;
			buildConfigurations = (
				969429011BA9E61A00C46091 /* Debug */,
				969429021BA9E61A00C46091 /* Release */,
			);
			defaultConfigurationIsVisible = 0;
			defaultConfigurationName = Release;
		};
		969429031BA9E61A00C46091 /* Build configuration list for PBXNativeTarget "BeaconMonitorApp" */ = {
			isa = XCConfigurationList;
			buildConfigurations = (
				969429041BA9E61A00C46091 /* Debug */,
				969429051BA9E61A00C46091 /* Release */,
			);
			defaultConfigurationIsVisible = 0;
			defaultConfigurationName = Release;
		};
/* End XCConfigurationList section */
	};
	rootObject = 969428E91BA9E61A00C46091 /* Project object */;
}
